
Microsoft Visual Studio Solution File, Format Version 12.00
# Visual Studio Version 17
VisualStudioVersion = 17.11.35208.52
MinimumVisualStudioVersion = 10.0.40219.1
Project("{FAE04EC0-301F-11D3-BF4B-00C04F79EFBC}") = "JsonProject", "JsonProject\JsonProject.csproj", "{1F719F59-E124-49D9-83FF-7B12C3465704}"
EndProject
Global
	GlobalSection(SolutionConfigurationPlatforms) = preSolution
		Debug|Any CPU = Debug|Any CPU
		Release|Any CPU = Release|Any CPU
	EndGlobalSection
	GlobalSection(ProjectConfigurationPlatforms) = postSolution
		{1F719F59-E124-49D9-83FF-7B12C3465704}.Debug|Any CPU.ActiveCfg = Debug|Any CPU
		{1F719F59-E124-49D9-83FF-7B12C3465704}.Debug|Any CPU.Build.0 = Debug|Any CPU
		{1F719F59-E124-49D9-83FF-7B12C3465704}.Release|Any CPU.ActiveCfg = Release|Any CPU
		{1F719F59-E124-49D9-83FF-7B12C3465704}.Release|Any CPU.Build.0 = Release|Any CPU
	EndGlobalSection
	GlobalSection(SolutionProperties) = preSolution
		HideSolutionNode = FALSE
	EndGlobalSection
	GlobalSection(ExtensibilityGlobals) = postSolution
		SolutionGuid = {19435807-D587-4049-8177-015BA6FA5D64}
	EndGlobalSection
EndGlobal
